
Microsoft Visual Studio Solution File, Format Version 12.00
# Visual Studio Version 17
VisualStudioVersion = 17.0.32014.148
MinimumVisualStudioVersion = 10.0.40219.1
Project("{FAE04EC0-301F-11D3-BF4B-00C04F79EFBC}") = "Console_Readline_demo", "Console_Readline_demo\Console_Readline_demo.csproj", "{F80F5014-B58A-4B3A-AE9C-AC55B8891E7D}"
EndProject
Project("{2150E333-8FDC-42A3-9474-1A3956D46DE8}") = "Solution Items", "Solution Items", "{0CDC2F34-05EF-4096-B7CD-E3B34DF029F4}"
	ProjectSection(SolutionItems) = preProject
		.editorconfig = .editorconfig
	EndProjectSection
EndProject
Global
	GlobalSection(SolutionConfigurationPlatforms) = preSolution
		Debug|Any CPU = Debug|Any CPU
		Release|Any CPU = Release|Any CPU
	EndGlobalSection
	GlobalSection(ProjectConfigurationPlatforms) = postSolution
		{F80F5014-B58A-4B3A-AE9C-AC55B8891E7D}.Debug|Any CPU.ActiveCfg = Debug|Any CPU
		{F80F5014-B58A-4B3A-AE9C-AC55B8891E7D}.Debug|Any CPU.Build.0 = Debug|Any CPU
		{F80F5014-B58A-4B3A-AE9C-AC55B8891E7D}.Release|Any CPU.ActiveCfg = Release|Any CPU
		{F80F5014-B58A-4B3A-AE9C-AC55B8891E7D}.Release|Any CPU.Build.0 = Release|Any CPU
	EndGlobalSection
	GlobalSection(SolutionProperties) = preSolution
		HideSolutionNode = FALSE
	EndGlobalSection
	GlobalSection(ExtensibilityGlobals) = postSolution
		SolutionGuid = {FA79AFC6-4873-4D28-9BD4-CBFEF6A9E251}
	EndGlobalSection
EndGlobal
